
Microsoft Visual Studio Solution File, Format Version 12.00
# Visual Studio Version 16
VisualStudioVersion = 16.0.29709.97
MinimumVisualStudioVersion = 10.0.40219.1
Project("{8BC9CEB8-8B4A-11D0-8D11-00A0C91BC942}") = "sum_of_two_number", "sum_of_two_number\sum_of_two_number.vcxproj", "{032B270D-3064-4211-A563-12A744E232C7}"
EndProject
Global
	GlobalSection(SolutionConfigurationPlatforms) = preSolution
		Debug|x64 = Debug|x64
		Debug|x86 = Debug|x86
		Release|x64 = Release|x64
		Release|x86 = Release|x86
	EndGlobalSection
	GlobalSection(ProjectConfigurationPlatforms) = postSolution
		{032B270D-3064-4211-A563-12A744E232C7}.Debug|x64.ActiveCfg = Debug|x64
		{032B270D-3064-4211-A563-12A744E232C7}.Debug|x64.Build.0 = Debug|x64
		{032B270D-3064-4211-A563-12A744E232C7}.Debug|x86.ActiveCfg = Debug|Win32
		{032B270D-3064-4211-A563-12A744E232C7}.Debug|x86.Build.0 = Debug|Win32
		{032B270D-3064-4211-A563-12A744E232C7}.Release|x64.ActiveCfg = Release|x64
		{032B270D-3064-4211-A563-12A744E232C7}.Release|x64.Build.0 = Release|x64
		{032B270D-3064-4211-A563-12A744E232C7}.Release|x86.ActiveCfg = Release|Win32
		{032B270D-3064-4211-A563-12A744E232C7}.Release|x86.Build.0 = Release|Win32
	EndGlobalSection
	GlobalSection(SolutionProperties) = preSolution
		HideSolutionNode = FALSE
	EndGlobalSection
	GlobalSection(ExtensibilityGlobals) = postSolution
		SolutionGuid = {F9E57A8C-9580-4E42-AD77-9F3D1CDF37E6}
	EndGlobalSection
EndGlobal
